
Microsoft Visual Studio Solution File, Format Version 12.00
# Visual Studio Version 17
VisualStudioVersion = 17.8.34330.188
MinimumVisualStudioVersion = 10.0.40219.1
Project("{FAE04EC0-301F-11D3-BF4B-00C04F79EFBC}") = "TeachersData", "TeachersData\TeachersData.csproj", "{A70788BD-6013-481A-885A-731000425DDE}"
EndProject
Global
	GlobalSection(SolutionConfigurationPlatforms) = preSolution
		Debug|Any CPU = Debug|Any CPU
		Release|Any CPU = Release|Any CPU
	EndGlobalSection
	GlobalSection(ProjectConfigurationPlatforms) = postSolution
		{A70788BD-6013-481A-885A-731000425DDE}.Debug|Any CPU.ActiveCfg = Debug|Any CPU
		{A70788BD-6013-481A-885A-731000425DDE}.Debug|Any CPU.Build.0 = Debug|Any CPU
		{A70788BD-6013-481A-885A-731000425DDE}.Release|Any CPU.ActiveCfg = Release|Any CPU
		{A70788BD-6013-481A-885A-731000425DDE}.Release|Any CPU.Build.0 = Release|Any CPU
	EndGlobalSection
	GlobalSection(SolutionProperties) = preSolution
		HideSolutionNode = FALSE
	EndGlobalSection
	GlobalSection(ExtensibilityGlobals) = postSolution
		SolutionGuid = {4539D0B2-6513-4DCE-880E-399BC3C2FE47}
	EndGlobalSection
EndGlobal
